
Microsoft Visual Studio Solution File, Format Version 12.00
# Visual Studio Version 17
VisualStudioVersion = 17.0.31903.59
MinimumVisualStudioVersion = 10.0.40219.1
Project("{2150E333-8FDC-42A3-9474-1A3956D46DE8}") = "src", "src", "{827E0CD3-B72D-47B6-A68D-7590B98EB39B}"
EndProject
Project("{2150E333-8FDC-42A3-9474-1A3956D46DE8}") = "backend", "backend", "{FE360695-3F2B-1049-3887-35FBB5135923}"
EndProject
Project("{2150E333-8FDC-42A3-9474-1A3956D46DE8}") = "Api", "Api", "{6234D21E-8871-654E-CD71-981DAB6DC5E6}"
EndProject
Project("{FAE04EC0-301F-11D3-BF4B-00C04F79EFBC}") = "InternalTicketManager.Api", "src\backend\Api\InternalTicketManager.Api.csproj", "{7593337F-E010-407C-A3F4-E641151BCF2B}"
EndProject
Project("{FAE04EC0-301F-11D3-BF4B-00C04F79EFBC}") = "InternalTicketManager.Application", "src\backend\Application\InternalTicketManager.Application.csproj", "{C81964AB-0A69-4075-B987-A01F01376C8D}"
EndProject
Project("{FAE04EC0-301F-11D3-BF4B-00C04F79EFBC}") = "InternalTicketManager.Domain", "src\backend\Domain\InternalTicketManager.Domain.csproj", "{F0D26ACA-B9F5-4372-BE61-A48BC76368BE}"
EndProject
Project("{FAE04EC0-301F-11D3-BF4B-00C04F79EFBC}") = "InternalTicketManager.Infrastructure", "src\backend\Infrastructure\InternalTicketManager.Infrastructure.csproj", "{7E6A4E67-9BB2-4FFF-9DA4-F497598A0460}"
EndProject
Global
	GlobalSection(SolutionConfigurationPlatforms) = preSolution
		Debug|Any CPU = Debug|Any CPU
		Debug|x64 = Debug|x64
		Debug|x86 = Debug|x86
		Release|Any CPU = Release|Any CPU
		Release|x64 = Release|x64
		Release|x86 = Release|x86
	EndGlobalSection
	GlobalSection(ProjectConfigurationPlatforms) = postSolution
		{7593337F-E010-407C-A3F4-E641151BCF2B}.Debug|Any CPU.ActiveCfg = Debug|Any CPU
		{7593337F-E010-407C-A3F4-E641151BCF2B}.Debug|Any CPU.Build.0 = Debug|Any CPU
		{7593337F-E010-407C-A3F4-E641151BCF2B}.Debug|x64.ActiveCfg = Debug|Any CPU
		{7593337F-E010-407C-A3F4-E641151BCF2B}.Debug|x64.Build.0 = Debug|Any CPU
		{7593337F-E010-407C-A3F4-E641151BCF2B}.Debug|x86.ActiveCfg = Debug|Any CPU
		{7593337F-E010-407C-A3F4-E641151BCF2B}.Debug|x86.Build.0 = Debug|Any CPU
		{7593337F-E010-407C-A3F4-E641151BCF2B}.Release|Any CPU.ActiveCfg = Release|Any CPU
		{7593337F-E010-407C-A3F4-E641151BCF2B}.Release|Any CPU.Build.0 = Release|Any CPU
		{7593337F-E010-407C-A3F4-E641151BCF2B}.Release|x64.ActiveCfg = Release|Any CPU
		{7593337F-E010-407C-A3F4-E641151BCF2B}.Release|x64.Build.0 = Release|Any CPU
		{7593337F-E010-407C-A3F4-E641151BCF2B}.Release|x86.ActiveCfg = Release|Any CPU
		{7593337F-E010-407C-A3F4-E641151BCF2B}.Release|x86.Build.0 = Release|Any CPU
		{C81964AB-0A69-4075-B987-A01F01376C8D}.Debug|Any CPU.ActiveCfg = Debug|Any CPU
		{C81964AB-0A69-4075-B987-A01F01376C8D}.Debug|Any CPU.Build.0 = Debug|Any CPU
		{C81964AB-0A69-4075-B987-A01F01376C8D}.Debug|x64.ActiveCfg = Debug|Any CPU
		{C81964AB-0A69-4075-B987-A01F01376C8D}.Debug|x64.Build.0 = Debug|Any CPU
		{C81964AB-0A69-4075-B987-A01F01376C8D}.Debug|x86.ActiveCfg = Debug|Any CPU
		{C81964AB-0A69-4075-B987-A01F01376C8D}.Debug|x86.Build.0 = Debug|Any CPU
		{C81964AB-0A69-4075-B987-A01F01376C8D}.Release|Any CPU.ActiveCfg = Release|Any CPU
		{C81964AB-0A69-4075-B987-A01F01376C8D}.Release|Any CPU.Build.0 = Release|Any CPU
		{C81964AB-0A69-4075-B987-A01F01376C8D}.Release|x64.ActiveCfg = Release|Any CPU
		{C81964AB-0A69-4075-B987-A01F01376C8D}.Release|x64.Build.0 = Release|Any CPU
		{C81964AB-0A69-4075-B987-A01F01376C8D}.Release|x86.ActiveCfg = Release|Any CPU
		{C81964AB-0A69-4075-B987-A01F01376C8D}.Release|x86.Build.0 = Release|Any CPU
		{F0D26ACA-B9F5-4372-BE61-A48BC76368BE}.Debug|Any CPU.ActiveCfg = Debug|Any CPU
		{F0D26ACA-B9F5-4372-BE61-A48BC76368BE}.Debug|Any CPU.Build.0 = Debug|Any CPU
		{F0D26ACA-B9F5-4372-BE61-A48BC76368BE}.Debug|x64.ActiveCfg = Debug|Any CPU
		{F0D26ACA-B9F5-4372-BE61-A48BC76368BE}.Debug|x64.Build.0 = Debug|Any CPU
		{F0D26ACA-B9F5-4372-BE61-A48BC76368BE}.Debug|x86.ActiveCfg = Debug|Any CPU
		{F0D26ACA-B9F5-4372-BE61-A48BC76368BE}.Debug|x86.Build.0 = Debug|Any CPU
		{F0D26ACA-B9F5-4372-BE61-A48BC76368BE}.Release|Any CPU.ActiveCfg = Release|Any CPU
		{F0D26ACA-B9F5-4372-BE61-A48BC76368BE}.Release|Any CPU.Build.0 = Release|Any CPU
		{F0D26ACA-B9F5-4372-BE61-A48BC76368BE}.Release|x64.ActiveCfg = Release|Any CPU
		{F0D26ACA-B9F5-4372-BE61-A48BC76368BE}.Release|x64.Build.0 = Release|Any CPU
		{F0D26ACA-B9F5-4372-BE61-A48BC76368BE}.Release|x86.ActiveCfg = Release|Any CPU
		{F0D26ACA-B9F5-4372-BE61-A48BC76368BE}.Release|x86.Build.0 = Release|Any CPU
		{7E6A4E67-9BB2-4FFF-9DA4-F497598A0460}.Debug|Any CPU.ActiveCfg = Debug|Any CPU
		{7E6A4E67-9BB2-4FFF-9DA4-F497598A0460}.Debug|Any CPU.Build.0 = Debug|Any CPU
		{7E6A4E67-9BB2-4FFF-9DA4-F497598A0460}.Debug|x64.ActiveCfg = Debug|Any CPU
		{7E6A4E67-9BB2-4FFF-9DA4-F497598A0460}.Debug|x64.Build.0 = Debug|Any CPU
		{7E6A4E67-9BB2-4FFF-9DA4-F497598A0460}.Debug|x86.ActiveCfg = Debug|Any CPU
		{7E6A4E67-9BB2-4FFF-9DA4-F497598A0460}.Debug|x86.Build.0 = Debug|Any CPU
		{7E6A4E67-9BB2-4FFF-9DA4-F497598A0460}.Release|Any CPU.ActiveCfg = Release|Any CPU
		{7E6A4E67-9BB2-4FFF-9DA4-F497598A0460}.Release|Any CPU.Build.0 = Release|Any CPU
		{7E6A4E67-9BB2-4FFF-9DA4-F497598A0460}.Release|x64.ActiveCfg = Release|Any CPU
		{7E6A4E67-9BB2-4FFF-9DA4-F497598A0460}.Release|x64.Build.0 = Release|Any CPU
		{7E6A4E67-9BB2-4FFF-9DA4-F497598A0460}.Release|x86.ActiveCfg = Release|Any CPU
		{7E6A4E67-9BB2-4FFF-9DA4-F497598A0460}.Release|x86.Build.0 = Release|Any CPU
	EndGlobalSection
	GlobalSection(SolutionProperties) = preSolution
		HideSolutionNode = FALSE
	EndGlobalSection
	GlobalSection(NestedProjects) = preSolution
		{FE360695-3F2B-1049-3887-35FBB5135923} = {827E0CD3-B72D-47B6-A68D-7590B98EB39B}
		{6234D21E-8871-654E-CD71-981DAB6DC5E6} = {FE360695-3F2B-1049-3887-35FBB5135923}
		{7593337F-E010-407C-A3F4-E641151BCF2B} = {6234D21E-8871-654E-CD71-981DAB6DC5E6}
		{C81964AB-0A69-4075-B987-A01F01376C8D} = {6234D21E-8871-654E-CD71-981DAB6DC5E6}
		{F0D26ACA-B9F5-4372-BE61-A48BC76368BE} = {6234D21E-8871-654E-CD71-981DAB6DC5E6}
		{7E6A4E67-9BB2-4FFF-9DA4-F497598A0460} = {6234D21E-8871-654E-CD71-981DAB6DC5E6}
	EndGlobalSection
EndGlobal
